
Microsoft Visual Studio Solution File, Format Version 12.00
# Visual Studio 15
VisualStudioVersion = 15.0.28010.2048
MinimumVisualStudioVersion = 10.0.40219.1
Project("{FAE04EC0-301F-11D3-BF4B-00C04F79EFBC}") = "PointRaitingSystem", "PointRaitingSystem\PointRaitingSystem.csproj", "{F1019DD2-93BD-41CA-A491-B56C6320AF43}"
EndProject
Project("{FAE04EC0-301F-11D3-BF4B-00C04F79EFBC}") = "MainLib", "MainLib\MainLib.csproj", "{112CD2E6-CE10-4F1E-BD51-BB7496474025}"
EndProject
Global
	GlobalSection(SolutionConfigurationPlatforms) = preSolution
		Debug|Any CPU = Debug|Any CPU
		Release|Any CPU = Release|Any CPU
	EndGlobalSection
	GlobalSection(ProjectConfigurationPlatforms) = postSolution
		{F1019DD2-93BD-41CA-A491-B56C6320AF43}.Debug|Any CPU.ActiveCfg = Debug|Any CPU
		{F1019DD2-93BD-41CA-A491-B56C6320AF43}.Debug|Any CPU.Build.0 = Debug|Any CPU
		{F1019DD2-93BD-41CA-A491-B56C6320AF43}.Release|Any CPU.ActiveCfg = Release|Any CPU
		{F1019DD2-93BD-41CA-A491-B56C6320AF43}.Release|Any CPU.Build.0 = Release|Any CPU
		{112CD2E6-CE10-4F1E-BD51-BB7496474025}.Debug|Any CPU.ActiveCfg = Debug|Any CPU
		{112CD2E6-CE10-4F1E-BD51-BB7496474025}.Debug|Any CPU.Build.0 = Debug|Any CPU
		{112CD2E6-CE10-4F1E-BD51-BB7496474025}.Release|Any CPU.ActiveCfg = Release|Any CPU
		{112CD2E6-CE10-4F1E-BD51-BB7496474025}.Release|Any CPU.Build.0 = Release|Any CPU
	EndGlobalSection
	GlobalSection(SolutionProperties) = preSolution
		HideSolutionNode = FALSE
	EndGlobalSection
	GlobalSection(ExtensibilityGlobals) = postSolution
		SolutionGuid = {CBD786AA-7D94-45A3-8C08-C41147D8085D}
	EndGlobalSection
EndGlobal
